
Microsoft Visual Studio Solution File, Format Version 12.00
# Visual Studio Version 16
VisualStudioVersion = 16.0.31025.194
MinimumVisualStudioVersion = 10.0.40219.1
Project("{FAE04EC0-301F-11D3-BF4B-00C04F79EFBC}") = "AlgorithmAssignment", "AlgorithmAssignment\AlgorithmAssignment.csproj", "{D71E326F-1359-4D25-B1CD-B3EA6683133C}"
EndProject
Global
	GlobalSection(SolutionConfigurationPlatforms) = preSolution
		Debug|Any CPU = Debug|Any CPU
		Release|Any CPU = Release|Any CPU
	EndGlobalSection
	GlobalSection(ProjectConfigurationPlatforms) = postSolution
		{D71E326F-1359-4D25-B1CD-B3EA6683133C}.Debug|Any CPU.ActiveCfg = Debug|Any CPU
		{D71E326F-1359-4D25-B1CD-B3EA6683133C}.Debug|Any CPU.Build.0 = Debug|Any CPU
		{D71E326F-1359-4D25-B1CD-B3EA6683133C}.Release|Any CPU.ActiveCfg = Release|Any CPU
		{D71E326F-1359-4D25-B1CD-B3EA6683133C}.Release|Any CPU.Build.0 = Release|Any CPU
	EndGlobalSection
	GlobalSection(SolutionProperties) = preSolution
		HideSolutionNode = FALSE
	EndGlobalSection
	GlobalSection(ExtensibilityGlobals) = postSolution
		SolutionGuid = {A92973E6-BEFC-4B2E-AA53-C94499F0C8A8}
	EndGlobalSection
EndGlobal
